
Microsoft Visual Studio Solution File, Format Version 12.00
# Visual Studio Version 17
VisualStudioVersion = 17.13.35931.197
MinimumVisualStudioVersion = 10.0.40219.1
Project("{FAE04EC0-301F-11D3-BF4B-00C04F79EFBC}") = "SamStore_SE182218", "SamStore_SE182218\SamStore_SE182218.csproj", "{46A7CA46-85D1-4B7B-832E-0497A1C87D7A}"
EndProject
Project("{FAE04EC0-301F-11D3-BF4B-00C04F79EFBC}") = "SamStore.BLL", "SamStore.BLL\SamStore.BLL.csproj", "{1981B138-2C3D-4649-B150-559B8C4B8B0C}"
EndProject
Project("{FAE04EC0-301F-11D3-BF4B-00C04F79EFBC}") = "SamStore.DAL", "SamStore.DAL\SamStore.DAL.csproj", "{0872F3EF-07F3-4A8D-80E6-B461D9685746}"
EndProject
Global
	GlobalSection(SolutionConfigurationPlatforms) = preSolution
		Debug|Any CPU = Debug|Any CPU
		Release|Any CPU = Release|Any CPU
	EndGlobalSection
	GlobalSection(ProjectConfigurationPlatforms) = postSolution
		{46A7CA46-85D1-4B7B-832E-0497A1C87D7A}.Debug|Any CPU.ActiveCfg = Debug|Any CPU
		{46A7CA46-85D1-4B7B-832E-0497A1C87D7A}.Debug|Any CPU.Build.0 = Debug|Any CPU
		{46A7CA46-85D1-4B7B-832E-0497A1C87D7A}.Release|Any CPU.ActiveCfg = Release|Any CPU
		{46A7CA46-85D1-4B7B-832E-0497A1C87D7A}.Release|Any CPU.Build.0 = Release|Any CPU
		{1981B138-2C3D-4649-B150-559B8C4B8B0C}.Debug|Any CPU.ActiveCfg = Debug|Any CPU
		{1981B138-2C3D-4649-B150-559B8C4B8B0C}.Debug|Any CPU.Build.0 = Debug|Any CPU
		{1981B138-2C3D-4649-B150-559B8C4B8B0C}.Release|Any CPU.ActiveCfg = Release|Any CPU
		{1981B138-2C3D-4649-B150-559B8C4B8B0C}.Release|Any CPU.Build.0 = Release|Any CPU
		{0872F3EF-07F3-4A8D-80E6-B461D9685746}.Debug|Any CPU.ActiveCfg = Debug|Any CPU
		{0872F3EF-07F3-4A8D-80E6-B461D9685746}.Debug|Any CPU.Build.0 = Debug|Any CPU
		{0872F3EF-07F3-4A8D-80E6-B461D9685746}.Release|Any CPU.ActiveCfg = Release|Any CPU
		{0872F3EF-07F3-4A8D-80E6-B461D9685746}.Release|Any CPU.Build.0 = Release|Any CPU
	EndGlobalSection
	GlobalSection(SolutionProperties) = preSolution
		HideSolutionNode = FALSE
	EndGlobalSection
	GlobalSection(ExtensibilityGlobals) = postSolution
		SolutionGuid = {B9B9CCAE-4098-4FCE-B43E-9C44F71B6D17}
	EndGlobalSection
EndGlobal
