
Microsoft Visual Studio Solution File, Format Version 12.00
# Visual Studio Version 17
VisualStudioVersion = 17.13.35931.197
MinimumVisualStudioVersion = 10.0.40219.1
Project("{FAE04EC0-301F-11D3-BF4B-00C04F79EFBC}") = "ResearchProjectManagement_SE182218", "ResearchProjectManagement_SE182218\ResearchProjectManagement_SE182218.csproj", "{8C3E97A8-3E2D-4AAE-9F52-991C16FAC057}"
EndProject
Project("{FAE04EC0-301F-11D3-BF4B-00C04F79EFBC}") = "ResearchProjectManagement.BLL", "ResearchProjectManagement.BLL\ResearchProjectManagement.BLL.csproj", "{6040F5CD-715C-485C-B706-486E894708E1}"
EndProject
Project("{FAE04EC0-301F-11D3-BF4B-00C04F79EFBC}") = "ResearchProjectManagement.DAL", "ResearchProjectManagement.DAL\ResearchProjectManagement.DAL.csproj", "{9C0FEBFE-EBD7-40DA-ADAA-A87AFD5ED552}"
EndProject
Global
	GlobalSection(SolutionConfigurationPlatforms) = preSolution
		Debug|Any CPU = Debug|Any CPU
		Release|Any CPU = Release|Any CPU
	EndGlobalSection
	GlobalSection(ProjectConfigurationPlatforms) = postSolution
		{8C3E97A8-3E2D-4AAE-9F52-991C16FAC057}.Debug|Any CPU.ActiveCfg = Debug|Any CPU
		{8C3E97A8-3E2D-4AAE-9F52-991C16FAC057}.Debug|Any CPU.Build.0 = Debug|Any CPU
		{8C3E97A8-3E2D-4AAE-9F52-991C16FAC057}.Release|Any CPU.ActiveCfg = Release|Any CPU
		{8C3E97A8-3E2D-4AAE-9F52-991C16FAC057}.Release|Any CPU.Build.0 = Release|Any CPU
		{6040F5CD-715C-485C-B706-486E894708E1}.Debug|Any CPU.ActiveCfg = Debug|Any CPU
		{6040F5CD-715C-485C-B706-486E894708E1}.Debug|Any CPU.Build.0 = Debug|Any CPU
		{6040F5CD-715C-485C-B706-486E894708E1}.Release|Any CPU.ActiveCfg = Release|Any CPU
		{6040F5CD-715C-485C-B706-486E894708E1}.Release|Any CPU.Build.0 = Release|Any CPU
		{9C0FEBFE-EBD7-40DA-ADAA-A87AFD5ED552}.Debug|Any CPU.ActiveCfg = Debug|Any CPU
		{9C0FEBFE-EBD7-40DA-ADAA-A87AFD5ED552}.Debug|Any CPU.Build.0 = Debug|Any CPU
		{9C0FEBFE-EBD7-40DA-ADAA-A87AFD5ED552}.Release|Any CPU.ActiveCfg = Release|Any CPU
		{9C0FEBFE-EBD7-40DA-ADAA-A87AFD5ED552}.Release|Any CPU.Build.0 = Release|Any CPU
	EndGlobalSection
	GlobalSection(SolutionProperties) = preSolution
		HideSolutionNode = FALSE
	EndGlobalSection
	GlobalSection(ExtensibilityGlobals) = postSolution
		SolutionGuid = {905BC203-FBE4-4D64-8B6E-07A726BA5AD4}
	EndGlobalSection
EndGlobal
