
Microsoft Visual Studio Solution File, Format Version 12.00
# Visual Studio Version 17
VisualStudioVersion = 17.13.35931.197 d17.13
MinimumVisualStudioVersion = 10.0.40219.1
Project("{FAE04EC0-301F-11D3-BF4B-00C04F79EFBC}") = "JLPTMockTestManagement_SE182218", "JLPTMockTestManagement_SE182218\JLPTMockTestManagement_SE182218.csproj", "{9896D3B3-FB36-4A92-AEFE-5A868AC3FDCD}"
EndProject
Project("{FAE04EC0-301F-11D3-BF4B-00C04F79EFBC}") = "JLPTMockTestManagement.DAL", "JLPTMockTestManagement.DAL\JLPTMockTestManagement.DAL.csproj", "{5CB9C205-14E2-457E-9D62-2D2E53265C0C}"
EndProject
Project("{FAE04EC0-301F-11D3-BF4B-00C04F79EFBC}") = "JLPTMockTestManagement.BLL", "JLPTMockTestManagement.BLL\JLPTMockTestManagement.BLL.csproj", "{28AEDAD1-A031-4F88-9C88-8F2A7AE83851}"
EndProject
Global
	GlobalSection(SolutionConfigurationPlatforms) = preSolution
		Debug|Any CPU = Debug|Any CPU
		Release|Any CPU = Release|Any CPU
	EndGlobalSection
	GlobalSection(ProjectConfigurationPlatforms) = postSolution
		{9896D3B3-FB36-4A92-AEFE-5A868AC3FDCD}.Debug|Any CPU.ActiveCfg = Debug|Any CPU
		{9896D3B3-FB36-4A92-AEFE-5A868AC3FDCD}.Debug|Any CPU.Build.0 = Debug|Any CPU
		{9896D3B3-FB36-4A92-AEFE-5A868AC3FDCD}.Release|Any CPU.ActiveCfg = Release|Any CPU
		{9896D3B3-FB36-4A92-AEFE-5A868AC3FDCD}.Release|Any CPU.Build.0 = Release|Any CPU
		{5CB9C205-14E2-457E-9D62-2D2E53265C0C}.Debug|Any CPU.ActiveCfg = Debug|Any CPU
		{5CB9C205-14E2-457E-9D62-2D2E53265C0C}.Debug|Any CPU.Build.0 = Debug|Any CPU
		{5CB9C205-14E2-457E-9D62-2D2E53265C0C}.Release|Any CPU.ActiveCfg = Release|Any CPU
		{5CB9C205-14E2-457E-9D62-2D2E53265C0C}.Release|Any CPU.Build.0 = Release|Any CPU
		{28AEDAD1-A031-4F88-9C88-8F2A7AE83851}.Debug|Any CPU.ActiveCfg = Debug|Any CPU
		{28AEDAD1-A031-4F88-9C88-8F2A7AE83851}.Debug|Any CPU.Build.0 = Debug|Any CPU
		{28AEDAD1-A031-4F88-9C88-8F2A7AE83851}.Release|Any CPU.ActiveCfg = Release|Any CPU
		{28AEDAD1-A031-4F88-9C88-8F2A7AE83851}.Release|Any CPU.Build.0 = Release|Any CPU
	EndGlobalSection
	GlobalSection(SolutionProperties) = preSolution
		HideSolutionNode = FALSE
	EndGlobalSection
	GlobalSection(ExtensibilityGlobals) = postSolution
		SolutionGuid = {3B8B82C2-1E10-465B-A5C4-DD56ED2FEB72}
	EndGlobalSection
EndGlobal
