
Microsoft Visual Studio Solution File, Format Version 12.00
# Visual Studio Version 17
VisualStudioVersion = 17.13.35931.197
MinimumVisualStudioVersion = 10.0.40219.1
Project("{FAE04EC0-301F-11D3-BF4B-00C04F79EFBC}") = "GermanyEuro2024_SE182218", "GermanyEuro2024_SE182218\GermanyEuro2024_SE182218.csproj", "{AE53FEC9-7598-4869-A67D-A22C6B0E96FB}"
EndProject
Project("{FAE04EC0-301F-11D3-BF4B-00C04F79EFBC}") = "GermanyEuro2024.DAL", "GermanyEuro2024.DAL\GermanyEuro2024.DAL.csproj", "{0A9CCD6E-5FE6-46DF-9902-98AEFBF387F1}"
EndProject
Project("{FAE04EC0-301F-11D3-BF4B-00C04F79EFBC}") = "GermanyEuro2024.BLL", "GermanyEuro2024.BLL\GermanyEuro2024.BLL.csproj", "{C30DD34B-A9EE-4E40-BF18-F68F93F9C3CE}"
EndProject
Global
	GlobalSection(SolutionConfigurationPlatforms) = preSolution
		Debug|Any CPU = Debug|Any CPU
		Release|Any CPU = Release|Any CPU
	EndGlobalSection
	GlobalSection(ProjectConfigurationPlatforms) = postSolution
		{AE53FEC9-7598-4869-A67D-A22C6B0E96FB}.Debug|Any CPU.ActiveCfg = Debug|Any CPU
		{AE53FEC9-7598-4869-A67D-A22C6B0E96FB}.Debug|Any CPU.Build.0 = Debug|Any CPU
		{AE53FEC9-7598-4869-A67D-A22C6B0E96FB}.Release|Any CPU.ActiveCfg = Release|Any CPU
		{AE53FEC9-7598-4869-A67D-A22C6B0E96FB}.Release|Any CPU.Build.0 = Release|Any CPU
		{0A9CCD6E-5FE6-46DF-9902-98AEFBF387F1}.Debug|Any CPU.ActiveCfg = Debug|Any CPU
		{0A9CCD6E-5FE6-46DF-9902-98AEFBF387F1}.Debug|Any CPU.Build.0 = Debug|Any CPU
		{0A9CCD6E-5FE6-46DF-9902-98AEFBF387F1}.Release|Any CPU.ActiveCfg = Release|Any CPU
		{0A9CCD6E-5FE6-46DF-9902-98AEFBF387F1}.Release|Any CPU.Build.0 = Release|Any CPU
		{C30DD34B-A9EE-4E40-BF18-F68F93F9C3CE}.Debug|Any CPU.ActiveCfg = Debug|Any CPU
		{C30DD34B-A9EE-4E40-BF18-F68F93F9C3CE}.Debug|Any CPU.Build.0 = Debug|Any CPU
		{C30DD34B-A9EE-4E40-BF18-F68F93F9C3CE}.Release|Any CPU.ActiveCfg = Release|Any CPU
		{C30DD34B-A9EE-4E40-BF18-F68F93F9C3CE}.Release|Any CPU.Build.0 = Release|Any CPU
	EndGlobalSection
	GlobalSection(SolutionProperties) = preSolution
		HideSolutionNode = FALSE
	EndGlobalSection
	GlobalSection(ExtensibilityGlobals) = postSolution
		SolutionGuid = {4020B017-FEFB-424A-8D9D-71B2BD58469E}
	EndGlobalSection
EndGlobal
